<?xml version="1.0" encoding="utf-8"?>
<Project ToolsVersion="17.0" xmlns="http://schemas.microsoft.com/developer/msbuild/2003">
  <ItemGroup>
    <CustomBuild Include="C:\Users\saars\Dev\fast-wfc\godot-wfc\godot-cpp\gdextension\extension_api.json" />
    <CustomBuild Include="C:\Users\saars\Dev\fast-wfc\godot-wfc\CMakeFiles\9d888c4ee02849c5237c84898815c0ba\generate_bindings.rule">
      <Filter>CMake Rules</Filter>
    </CustomBuild>
    <CustomBuild Include="C:\Users\saars\Dev\fast-wfc\godot-wfc\godot-cpp\CMakeLists.txt" />
  </ItemGroup>
  <ItemGroup>
    <None Include="C:\Users\saars\Dev\fast-wfc\godot-wfc\godot-cpp\CMakeFiles\generate_bindings" />
  </ItemGroup>
  <ItemGroup>
    <Filter Include="CMake Rules">
      <UniqueIdentifier>{65F1EE94-1053-3339-BECF-779980957226}</UniqueIdentifier>
    </Filter>
  </ItemGroup>
</Project>
